
Microsoft Visual Studio Solution File, Format Version 10.00
# Visual Studio 2008
Project("{FAE04EC0-301F-11D3-BF4B-00C04F79EFBC}") = "DbSlim", "DbSlim\DbSlim.csproj", "{0AB580D2-FADC-4EAB-A5B4-38D76DCE0B64}"
EndProject
Project("{FAE04EC0-301F-11D3-BF4B-00C04F79EFBC}") = "DbSlim.Specs", "DbSlim.Specs\DbSlim.Specs.csproj", "{0E2B8F0C-82AA-499D-AA9A-34B0230A2AB6}"
EndProject
Project("{2150E333-8FDC-42A3-9474-1A3956D46DE8}") = "SolutionItems", "SolutionItems", "{B6E75544-E36A-496C-A007-416F317284AE}"
	ProjectSection(SolutionItems) = preProject
		..\README = ..\README
	EndProjectSection
EndProject
Global
	GlobalSection(SolutionConfigurationPlatforms) = preSolution
		Debug|Any CPU = Debug|Any CPU
		Local.Fitnesse|Any CPU = Local.Fitnesse|Any CPU
		Release|Any CPU = Release|Any CPU
	EndGlobalSection
	GlobalSection(ProjectConfigurationPlatforms) = postSolution
		{0AB580D2-FADC-4EAB-A5B4-38D76DCE0B64}.Debug|Any CPU.ActiveCfg = Debug|Any CPU
		{0AB580D2-FADC-4EAB-A5B4-38D76DCE0B64}.Debug|Any CPU.Build.0 = Debug|Any CPU
		{0AB580D2-FADC-4EAB-A5B4-38D76DCE0B64}.Local.Fitnesse|Any CPU.ActiveCfg = Local.Fitnesse|Any CPU
		{0AB580D2-FADC-4EAB-A5B4-38D76DCE0B64}.Local.Fitnesse|Any CPU.Build.0 = Local.Fitnesse|Any CPU
		{0AB580D2-FADC-4EAB-A5B4-38D76DCE0B64}.Release|Any CPU.ActiveCfg = Release|Any CPU
		{0AB580D2-FADC-4EAB-A5B4-38D76DCE0B64}.Release|Any CPU.Build.0 = Release|Any CPU
		{0E2B8F0C-82AA-499D-AA9A-34B0230A2AB6}.Debug|Any CPU.ActiveCfg = Debug|Any CPU
		{0E2B8F0C-82AA-499D-AA9A-34B0230A2AB6}.Debug|Any CPU.Build.0 = Debug|Any CPU
		{0E2B8F0C-82AA-499D-AA9A-34B0230A2AB6}.Local.Fitnesse|Any CPU.ActiveCfg = Local.Fitnesse|Any CPU
		{0E2B8F0C-82AA-499D-AA9A-34B0230A2AB6}.Local.Fitnesse|Any CPU.Build.0 = Local.Fitnesse|Any CPU
		{0E2B8F0C-82AA-499D-AA9A-34B0230A2AB6}.Release|Any CPU.ActiveCfg = Release|Any CPU
		{0E2B8F0C-82AA-499D-AA9A-34B0230A2AB6}.Release|Any CPU.Build.0 = Release|Any CPU
	EndGlobalSection
	GlobalSection(SolutionProperties) = preSolution
		HideSolutionNode = FALSE
	EndGlobalSection
EndGlobal
